
Microsoft Visual Studio Solution File, Format Version 12.00
# Visual Studio 2012
Project("{FAE04EC0-301F-11D3-BF4B-00C04F79EFBC}") = "SoftwareAppFacebook", "SoftwareAppFacebook\SoftwareAppFacebook.csproj", "{0881F21B-963D-48F3-BE51-FE4BD74459C6}"
EndProject
Global
	GlobalSection(SolutionConfigurationPlatforms) = preSolution
		Debug|Any CPU = Debug|Any CPU
		Release|Any CPU = Release|Any CPU
	EndGlobalSection
	GlobalSection(ProjectConfigurationPlatforms) = postSolution
		{0881F21B-963D-48F3-BE51-FE4BD74459C6}.Debug|Any CPU.ActiveCfg = Debug|Any CPU
		{0881F21B-963D-48F3-BE51-FE4BD74459C6}.Debug|Any CPU.Build.0 = Debug|Any CPU
		{0881F21B-963D-48F3-BE51-FE4BD74459C6}.Release|Any CPU.ActiveCfg = Release|Any CPU
		{0881F21B-963D-48F3-BE51-FE4BD74459C6}.Release|Any CPU.Build.0 = Release|Any CPU
	EndGlobalSection
	GlobalSection(SolutionProperties) = preSolution
		HideSolutionNode = FALSE
	EndGlobalSection
EndGlobal
